
Microsoft Visual Studio Solution File, Format Version 12.00
# Visual Studio Version 17
VisualStudioVersion = 17.14.36414.22 d17.14
MinimumVisualStudioVersion = 10.0.40219.1
Project("{FAE04EC0-301F-11D3-BF4B-00C04F79EFBC}") = "GoldPriceTracker", "GoldPriceTracker.csproj", "{B2ACDF79-65FB-5164-8F7B-F22DC0E6D715}"
EndProject
Global
	GlobalSection(SolutionConfigurationPlatforms) = preSolution
		Debug|Any CPU = Debug|Any CPU
		Release|Any CPU = Release|Any CPU
	EndGlobalSection
	GlobalSection(ProjectConfigurationPlatforms) = postSolution
		{B2ACDF79-65FB-5164-8F7B-F22DC0E6D715}.Debug|Any CPU.ActiveCfg = Debug|Any CPU
		{B2ACDF79-65FB-5164-8F7B-F22DC0E6D715}.Debug|Any CPU.Build.0 = Debug|Any CPU
		{B2ACDF79-65FB-5164-8F7B-F22DC0E6D715}.Release|Any CPU.ActiveCfg = Release|Any CPU
		{B2ACDF79-65FB-5164-8F7B-F22DC0E6D715}.Release|Any CPU.Build.0 = Release|Any CPU
	EndGlobalSection
	GlobalSection(SolutionProperties) = preSolution
		HideSolutionNode = FALSE
	EndGlobalSection
	GlobalSection(ExtensibilityGlobals) = postSolution
		SolutionGuid = {233A0284-D042-4338-9C0D-82EBBD306D13}
	EndGlobalSection
EndGlobal
